
Microsoft Visual Studio Solution File, Format Version 12.00
# Visual Studio Version 16
VisualStudioVersion = 16.0.31402.337
MinimumVisualStudioVersion = 10.0.40219.1
Project("{FAE04EC0-301F-11D3-BF4B-00C04F79EFBC}") = "PlayStudioCodingChallenge.API", "PlayStudioCodingChallenge.API\PlayStudioCodingChallenge.API.csproj", "{6A11335B-FAD7-49FA-B93A-186081E9A944}"
EndProject
Project("{FAE04EC0-301F-11D3-BF4B-00C04F79EFBC}") = "PlayStudioCodingChallenge.Domain", "PlayStudioCodingChallenge.Domain\PlayStudioCodingChallenge.Domain.csproj", "{5997E9C4-4464-46B9-B8CD-62ADC0757791}"
EndProject
Project("{FAE04EC0-301F-11D3-BF4B-00C04F79EFBC}") = "PlayStudioCodingChallenge.Persistence", "PlayStudioCodingChallenge.Persistance\PlayStudioCodingChallenge.Persistence.csproj", "{81D714E0-169C-4E92-9D25-44E43B74233E}"
EndProject
Project("{FAE04EC0-301F-11D3-BF4B-00C04F79EFBC}") = "PlayStudioCodingChallenge.Application", "PlayStudioCodingChallenge.Application\PlayStudioCodingChallenge.Application.csproj", "{37BE0DA0-13D0-439C-89D4-EB328A0B5A13}"
EndProject
Global
	GlobalSection(SolutionConfigurationPlatforms) = preSolution
		Debug|Any CPU = Debug|Any CPU
		Release|Any CPU = Release|Any CPU
	EndGlobalSection
	GlobalSection(ProjectConfigurationPlatforms) = postSolution
		{6A11335B-FAD7-49FA-B93A-186081E9A944}.Debug|Any CPU.ActiveCfg = Debug|Any CPU
		{6A11335B-FAD7-49FA-B93A-186081E9A944}.Debug|Any CPU.Build.0 = Debug|Any CPU
		{6A11335B-FAD7-49FA-B93A-186081E9A944}.Release|Any CPU.ActiveCfg = Release|Any CPU
		{6A11335B-FAD7-49FA-B93A-186081E9A944}.Release|Any CPU.Build.0 = Release|Any CPU
		{5997E9C4-4464-46B9-B8CD-62ADC0757791}.Debug|Any CPU.ActiveCfg = Debug|Any CPU
		{5997E9C4-4464-46B9-B8CD-62ADC0757791}.Debug|Any CPU.Build.0 = Debug|Any CPU
		{5997E9C4-4464-46B9-B8CD-62ADC0757791}.Release|Any CPU.ActiveCfg = Release|Any CPU
		{5997E9C4-4464-46B9-B8CD-62ADC0757791}.Release|Any CPU.Build.0 = Release|Any CPU
		{81D714E0-169C-4E92-9D25-44E43B74233E}.Debug|Any CPU.ActiveCfg = Debug|Any CPU
		{81D714E0-169C-4E92-9D25-44E43B74233E}.Debug|Any CPU.Build.0 = Debug|Any CPU
		{81D714E0-169C-4E92-9D25-44E43B74233E}.Release|Any CPU.ActiveCfg = Release|Any CPU
		{81D714E0-169C-4E92-9D25-44E43B74233E}.Release|Any CPU.Build.0 = Release|Any CPU
		{37BE0DA0-13D0-439C-89D4-EB328A0B5A13}.Debug|Any CPU.ActiveCfg = Debug|Any CPU
		{37BE0DA0-13D0-439C-89D4-EB328A0B5A13}.Debug|Any CPU.Build.0 = Debug|Any CPU
		{37BE0DA0-13D0-439C-89D4-EB328A0B5A13}.Release|Any CPU.ActiveCfg = Release|Any CPU
		{37BE0DA0-13D0-439C-89D4-EB328A0B5A13}.Release|Any CPU.Build.0 = Release|Any CPU
	EndGlobalSection
	GlobalSection(SolutionProperties) = preSolution
		HideSolutionNode = FALSE
	EndGlobalSection
	GlobalSection(ExtensibilityGlobals) = postSolution
		SolutionGuid = {551EC1ED-F86B-43BC-B2CE-138F567A7D24}
	EndGlobalSection
EndGlobal
